
Microsoft Visual Studio Solution File, Format Version 12.00
# Visual Studio Version 17
VisualStudioVersion = 17.12.35707.178
MinimumVisualStudioVersion = 10.0.40219.1
Project("{2150E333-8FDC-42A3-9474-1A3956D46DE8}") = "Application", "Application", "{59C324C4-408D-4A8A-AA37-46DF2A8F87AD}"
EndProject
Project("{2150E333-8FDC-42A3-9474-1A3956D46DE8}") = "Domain", "Domain", "{04E32C8D-AE82-4662-BB36-982779E0C0D8}"
EndProject
Project("{2150E333-8FDC-42A3-9474-1A3956D46DE8}") = "Data", "Data", "{BD981913-B62E-41A5-9FC6-D8AC61CAE9B4}"
EndProject
Project("{2150E333-8FDC-42A3-9474-1A3956D46DE8}") = "IoC", "IoC", "{80A98BAD-988A-4DF5-9262-31783F39D5FF}"
EndProject
Project("{2150E333-8FDC-42A3-9474-1A3956D46DE8}") = "Presentation", "Presentation", "{D0EFEA09-9166-4706-BB45-FA3913C3BBFB}"
EndProject
Project("{2150E333-8FDC-42A3-9474-1A3956D46DE8}") = "src", "src", "{6FDF7568-68FE-4DC6-97C3-C04BB18B9E65}"
EndProject
Project("{2150E333-8FDC-42A3-9474-1A3956D46DE8}") = "tests", "tests", "{ADA4B188-FB98-4903-9E34-C7CF4473F571}"
EndProject
Project("{FAE04EC0-301F-11D3-BF4B-00C04F79EFBC}") = "CleanArch.Mvc", "CleanArch.Mvc\CleanArch.Mvc.csproj", "{33F419D1-210B-4B0C-A7B3-F18D81F09CCE}"
EndProject
Project("{FAE04EC0-301F-11D3-BF4B-00C04F79EFBC}") = "CleanArch.Domain", "CleanArch.Domain\CleanArch.Domain.csproj", "{B928468B-265C-4B49-8A22-AF1D5B4BA6A6}"
EndProject
Project("{FAE04EC0-301F-11D3-BF4B-00C04F79EFBC}") = "CleanArch.Data", "CleanArch.Data\CleanArch.Data.csproj", "{E64169B7-6AF5-4293-B0E0-9B005672DBDE}"
EndProject
Project("{FAE04EC0-301F-11D3-BF4B-00C04F79EFBC}") = "CleanArch.Application", "CleanArch.Application\CleanArch.Application.csproj", "{586BC221-6010-4CB8-8659-D27BF677B56E}"
EndProject
Project("{FAE04EC0-301F-11D3-BF4B-00C04F79EFBC}") = "CleanArch.IoC", "CleanArch.IoC\CleanArch.IoC.csproj", "{34A4D122-EB85-4EDB-8AD9-70E83E2E1647}"
EndProject
Global
	GlobalSection(SolutionConfigurationPlatforms) = preSolution
		Debug|Any CPU = Debug|Any CPU
		Release|Any CPU = Release|Any CPU
	EndGlobalSection
	GlobalSection(ProjectConfigurationPlatforms) = postSolution
		{33F419D1-210B-4B0C-A7B3-F18D81F09CCE}.Debug|Any CPU.ActiveCfg = Debug|Any CPU
		{33F419D1-210B-4B0C-A7B3-F18D81F09CCE}.Debug|Any CPU.Build.0 = Debug|Any CPU
		{33F419D1-210B-4B0C-A7B3-F18D81F09CCE}.Release|Any CPU.ActiveCfg = Release|Any CPU
		{33F419D1-210B-4B0C-A7B3-F18D81F09CCE}.Release|Any CPU.Build.0 = Release|Any CPU
		{B928468B-265C-4B49-8A22-AF1D5B4BA6A6}.Debug|Any CPU.ActiveCfg = Debug|Any CPU
		{B928468B-265C-4B49-8A22-AF1D5B4BA6A6}.Debug|Any CPU.Build.0 = Debug|Any CPU
		{B928468B-265C-4B49-8A22-AF1D5B4BA6A6}.Release|Any CPU.ActiveCfg = Release|Any CPU
		{B928468B-265C-4B49-8A22-AF1D5B4BA6A6}.Release|Any CPU.Build.0 = Release|Any CPU
		{E64169B7-6AF5-4293-B0E0-9B005672DBDE}.Debug|Any CPU.ActiveCfg = Debug|Any CPU
		{E64169B7-6AF5-4293-B0E0-9B005672DBDE}.Debug|Any CPU.Build.0 = Debug|Any CPU
		{E64169B7-6AF5-4293-B0E0-9B005672DBDE}.Release|Any CPU.ActiveCfg = Release|Any CPU
		{E64169B7-6AF5-4293-B0E0-9B005672DBDE}.Release|Any CPU.Build.0 = Release|Any CPU
		{586BC221-6010-4CB8-8659-D27BF677B56E}.Debug|Any CPU.ActiveCfg = Debug|Any CPU
		{586BC221-6010-4CB8-8659-D27BF677B56E}.Debug|Any CPU.Build.0 = Debug|Any CPU
		{586BC221-6010-4CB8-8659-D27BF677B56E}.Release|Any CPU.ActiveCfg = Release|Any CPU
		{586BC221-6010-4CB8-8659-D27BF677B56E}.Release|Any CPU.Build.0 = Release|Any CPU
		{34A4D122-EB85-4EDB-8AD9-70E83E2E1647}.Debug|Any CPU.ActiveCfg = Debug|Any CPU
		{34A4D122-EB85-4EDB-8AD9-70E83E2E1647}.Debug|Any CPU.Build.0 = Debug|Any CPU
		{34A4D122-EB85-4EDB-8AD9-70E83E2E1647}.Release|Any CPU.ActiveCfg = Release|Any CPU
		{34A4D122-EB85-4EDB-8AD9-70E83E2E1647}.Release|Any CPU.Build.0 = Release|Any CPU
	EndGlobalSection
	GlobalSection(SolutionProperties) = preSolution
		HideSolutionNode = FALSE
	EndGlobalSection
	GlobalSection(NestedProjects) = preSolution
		{59C324C4-408D-4A8A-AA37-46DF2A8F87AD} = {6FDF7568-68FE-4DC6-97C3-C04BB18B9E65}
		{04E32C8D-AE82-4662-BB36-982779E0C0D8} = {6FDF7568-68FE-4DC6-97C3-C04BB18B9E65}
		{BD981913-B62E-41A5-9FC6-D8AC61CAE9B4} = {6FDF7568-68FE-4DC6-97C3-C04BB18B9E65}
		{80A98BAD-988A-4DF5-9262-31783F39D5FF} = {6FDF7568-68FE-4DC6-97C3-C04BB18B9E65}
		{D0EFEA09-9166-4706-BB45-FA3913C3BBFB} = {6FDF7568-68FE-4DC6-97C3-C04BB18B9E65}
		{33F419D1-210B-4B0C-A7B3-F18D81F09CCE} = {D0EFEA09-9166-4706-BB45-FA3913C3BBFB}
		{B928468B-265C-4B49-8A22-AF1D5B4BA6A6} = {04E32C8D-AE82-4662-BB36-982779E0C0D8}
		{E64169B7-6AF5-4293-B0E0-9B005672DBDE} = {BD981913-B62E-41A5-9FC6-D8AC61CAE9B4}
		{586BC221-6010-4CB8-8659-D27BF677B56E} = {59C324C4-408D-4A8A-AA37-46DF2A8F87AD}
		{34A4D122-EB85-4EDB-8AD9-70E83E2E1647} = {80A98BAD-988A-4DF5-9262-31783F39D5FF}
	EndGlobalSection
EndGlobal
