
Microsoft Visual Studio Solution File, Format Version 12.00
# Visual Studio Version 17
VisualStudioVersion = 17.12.35707.178
MinimumVisualStudioVersion = 10.0.40219.1
Project("{FAE04EC0-301F-11D3-BF4B-00C04F79EFBC}") = "CleanArch.API", "CleanArch.API\CleanArch.API.csproj", "{167334FD-1D6D-4DBA-9250-6D3410A31E0E}"
EndProject
Project("{FAE04EC0-301F-11D3-BF4B-00C04F79EFBC}") = "CleanArch.Application", "CleanArch.Application\CleanArch.Application.csproj", "{CF617B34-8446-4D2B-8EF5-A4FC45F40C47}"
EndProject
Project("{FAE04EC0-301F-11D3-BF4B-00C04F79EFBC}") = "CleanArch.Data", "CleanArch.Data\CleanArch.Data.csproj", "{8F4CC1B1-9649-42B9-8307-9359FB5D553E}"
EndProject
Project("{FAE04EC0-301F-11D3-BF4B-00C04F79EFBC}") = "CleanArch.Domain", "CleanArch.Domain\CleanArch.Domain.csproj", "{5629F55D-5156-46C2-AB93-74A288D072B8}"
EndProject
Project("{FAE04EC0-301F-11D3-BF4B-00C04F79EFBC}") = "CleanArch.Mvc", "CleanArch.Mvc\CleanArch.Mvc.csproj", "{EBCB0702-F585-467B-9C7D-1584FAEB167E}"
EndProject
Project("{FAE04EC0-301F-11D3-BF4B-00C04F79EFBC}") = "CleanArch.IoC", "CleanArch.IoC\CleanArch.IoC.csproj", "{F9189F44-5D13-46C6-89DD-2BBAC3EB1500}"
EndProject
Project("{2150E333-8FDC-42A3-9474-1A3956D46DE8}") = "CleanArch.Application", "CleanArch.Application", "{A45EE9F0-7FB8-43C7-A786-2CC34A007385}"
EndProject
Project("{2150E333-8FDC-42A3-9474-1A3956D46DE8}") = "CleanArch.Data", "CleanArch.Data", "{E86B0C1E-7E35-400E-B6DD-29DE12485BF9}"
EndProject
Project("{2150E333-8FDC-42A3-9474-1A3956D46DE8}") = "CleanArch.Domain", "CleanArch.Domain", "{CF1447AC-7495-457A-BDF8-7E75643BB114}"
EndProject
Project("{2150E333-8FDC-42A3-9474-1A3956D46DE8}") = "CleanArch.IoC", "CleanArch.IoC", "{47A1FAF2-D6AE-42DD-A466-D057123613C4}"
EndProject
Project("{2150E333-8FDC-42A3-9474-1A3956D46DE8}") = "CleanArch.Presentation", "CleanArch.Presentation", "{2D49BE52-1391-49EB-B567-928E3D7A4696}"
EndProject
Project("{2150E333-8FDC-42A3-9474-1A3956D46DE8}") = "src", "src", "{BD5F4061-1809-489F-84BA-3A610461DE1B}"
EndProject
Project("{2150E333-8FDC-42A3-9474-1A3956D46DE8}") = "tests", "tests", "{E8D1DEA3-719E-4623-8E13-B53CA5BA1853}"
EndProject
Global
	GlobalSection(SolutionConfigurationPlatforms) = preSolution
		Debug|Any CPU = Debug|Any CPU
		Release|Any CPU = Release|Any CPU
	EndGlobalSection
	GlobalSection(ProjectConfigurationPlatforms) = postSolution
		{167334FD-1D6D-4DBA-9250-6D3410A31E0E}.Debug|Any CPU.ActiveCfg = Debug|Any CPU
		{167334FD-1D6D-4DBA-9250-6D3410A31E0E}.Debug|Any CPU.Build.0 = Debug|Any CPU
		{167334FD-1D6D-4DBA-9250-6D3410A31E0E}.Release|Any CPU.ActiveCfg = Release|Any CPU
		{167334FD-1D6D-4DBA-9250-6D3410A31E0E}.Release|Any CPU.Build.0 = Release|Any CPU
		{CF617B34-8446-4D2B-8EF5-A4FC45F40C47}.Debug|Any CPU.ActiveCfg = Debug|Any CPU
		{CF617B34-8446-4D2B-8EF5-A4FC45F40C47}.Debug|Any CPU.Build.0 = Debug|Any CPU
		{CF617B34-8446-4D2B-8EF5-A4FC45F40C47}.Release|Any CPU.ActiveCfg = Release|Any CPU
		{CF617B34-8446-4D2B-8EF5-A4FC45F40C47}.Release|Any CPU.Build.0 = Release|Any CPU
		{8F4CC1B1-9649-42B9-8307-9359FB5D553E}.Debug|Any CPU.ActiveCfg = Debug|Any CPU
		{8F4CC1B1-9649-42B9-8307-9359FB5D553E}.Debug|Any CPU.Build.0 = Debug|Any CPU
		{8F4CC1B1-9649-42B9-8307-9359FB5D553E}.Release|Any CPU.ActiveCfg = Release|Any CPU
		{8F4CC1B1-9649-42B9-8307-9359FB5D553E}.Release|Any CPU.Build.0 = Release|Any CPU
		{5629F55D-5156-46C2-AB93-74A288D072B8}.Debug|Any CPU.ActiveCfg = Debug|Any CPU
		{5629F55D-5156-46C2-AB93-74A288D072B8}.Debug|Any CPU.Build.0 = Debug|Any CPU
		{5629F55D-5156-46C2-AB93-74A288D072B8}.Release|Any CPU.ActiveCfg = Release|Any CPU
		{5629F55D-5156-46C2-AB93-74A288D072B8}.Release|Any CPU.Build.0 = Release|Any CPU
		{EBCB0702-F585-467B-9C7D-1584FAEB167E}.Debug|Any CPU.ActiveCfg = Debug|Any CPU
		{EBCB0702-F585-467B-9C7D-1584FAEB167E}.Debug|Any CPU.Build.0 = Debug|Any CPU
		{EBCB0702-F585-467B-9C7D-1584FAEB167E}.Release|Any CPU.ActiveCfg = Release|Any CPU
		{EBCB0702-F585-467B-9C7D-1584FAEB167E}.Release|Any CPU.Build.0 = Release|Any CPU
		{F9189F44-5D13-46C6-89DD-2BBAC3EB1500}.Debug|Any CPU.ActiveCfg = Debug|Any CPU
		{F9189F44-5D13-46C6-89DD-2BBAC3EB1500}.Debug|Any CPU.Build.0 = Debug|Any CPU
		{F9189F44-5D13-46C6-89DD-2BBAC3EB1500}.Release|Any CPU.ActiveCfg = Release|Any CPU
		{F9189F44-5D13-46C6-89DD-2BBAC3EB1500}.Release|Any CPU.Build.0 = Release|Any CPU
	EndGlobalSection
	GlobalSection(SolutionProperties) = preSolution
		HideSolutionNode = FALSE
	EndGlobalSection
	GlobalSection(NestedProjects) = preSolution
		{167334FD-1D6D-4DBA-9250-6D3410A31E0E} = {2D49BE52-1391-49EB-B567-928E3D7A4696}
		{CF617B34-8446-4D2B-8EF5-A4FC45F40C47} = {A45EE9F0-7FB8-43C7-A786-2CC34A007385}
		{8F4CC1B1-9649-42B9-8307-9359FB5D553E} = {E86B0C1E-7E35-400E-B6DD-29DE12485BF9}
		{5629F55D-5156-46C2-AB93-74A288D072B8} = {CF1447AC-7495-457A-BDF8-7E75643BB114}
		{EBCB0702-F585-467B-9C7D-1584FAEB167E} = {2D49BE52-1391-49EB-B567-928E3D7A4696}
		{F9189F44-5D13-46C6-89DD-2BBAC3EB1500} = {47A1FAF2-D6AE-42DD-A466-D057123613C4}
		{A45EE9F0-7FB8-43C7-A786-2CC34A007385} = {BD5F4061-1809-489F-84BA-3A610461DE1B}
		{E86B0C1E-7E35-400E-B6DD-29DE12485BF9} = {BD5F4061-1809-489F-84BA-3A610461DE1B}
		{CF1447AC-7495-457A-BDF8-7E75643BB114} = {BD5F4061-1809-489F-84BA-3A610461DE1B}
		{47A1FAF2-D6AE-42DD-A466-D057123613C4} = {BD5F4061-1809-489F-84BA-3A610461DE1B}
		{2D49BE52-1391-49EB-B567-928E3D7A4696} = {BD5F4061-1809-489F-84BA-3A610461DE1B}
	EndGlobalSection
EndGlobal
